// !$*UTF8*$!
{
	archiveVersion = 1;
	classes = {
	};
	objectVersion = 46;
	objects = {

/* Begin PBXBuildFile section */
		927B3B18193A84560075CC52 /* Cocoa.framework in Frameworks */ = {isa = PBXBuildFile; fileRef = 927B3B17193A84560075CC52 /* Cocoa.framework */; };
		927B3B22193A84560075CC52 /* InfoPlist.strings in Resources */ = {isa = PBXBuildFile; fileRef = 927B3B20193A84560075CC52 /* InfoPlist.strings */; };
		927B3B24193A84560075CC52 /* main.m in Sources */ = {isa = PBXBuildFile; fileRef = 927B3B23193A84560075CC52 /* main.m */; };
		927B3B28193A84560075CC52 /* Credits.rtf in Resources */ = {isa = PBXBuildFile; fileRef = 927B3B26193A84560075CC52 /* Credits.rtf */; };
		927B3B2B193A84560075CC52 /* HMDocument.m in Sources */ = {isa = PBXBuildFile; fileRef = 927B3B2A193A84560075CC52 /* HMDocument.m */; };
		927B3B33193A84560075CC52 /* Images.xcassets in Resources */ = {isa = PBXBuildFile; fileRef = 927B3B32193A84560075CC52 /* Images.xcassets */; };
		927B3B3A193A84560075CC52 /* XCTest.framework in Frameworks */ = {isa = PBXBuildFile; fileRef = 927B3B39193A84560075CC52 /* XCTest.framework */; };
		927B3B3B193A84560075CC52 /* Cocoa.framework in Frameworks */ = {isa = PBXBuildFile; fileRef = 927B3B17193A84560075CC52 /* Cocoa.framework */; };
		927B3B43193A84560075CC52 /* InfoPlist.strings in Resources */ = {isa = PBXBuildFile; fileRef = 927B3B41193A84560075CC52 /* InfoPlist.strings */; };
		927B3B45193A84560075CC52 /* TabDocumentTests.m in Sources */ = {isa = PBXBuildFile; fileRef = 927B3B44193A84560075CC52 /* TabDocumentTests.m */; };
		927B3B4F193A84AA0075CC52 /* MMTabBarView.framework in Frameworks */ = {isa = PBXBuildFile; fileRef = 927B3B4E193A84AA0075CC52 /* MMTabBarView.framework */; };
		927B3B51193A85030075CC52 /* MMTabBarView.framework in CopyFiles */ = {isa = PBXBuildFile; fileRef = 927B3B4E193A84AA0075CC52 /* MMTabBarView.framework */; };
		927B3B54193A86420075CC52 /* HMDocumentController.m in Sources */ = {isa = PBXBuildFile; fileRef = 927B3B53193A86420075CC52 /* HMDocumentController.m */; };
		927B3B59193A86810075CC52 /* Window.xib in Resources */ = {isa = PBXBuildFile; fileRef = 927B3B56193A86810075CC52 /* Window.xib */; };
		927B3B5A193A86810075CC52 /* View.xib in Resources */ = {isa = PBXBuildFile; fileRef = 927B3B57193A86810075CC52 /* View.xib */; };
		927B3B5C193A86A30075CC52 /* MainMenu.xib in Resources */ = {isa = PBXBuildFile; fileRef = 927B3B5B193A86A30075CC52 /* MainMenu.xib */; };
		927B3B5F193A86B30075CC52 /* HMWindowController.m in Sources */ = {isa = PBXBuildFile; fileRef = 927B3B5E193A86B30075CC52 /* HMWindowController.m */; };
		927B3B62193A86DB0075CC52 /* HMViewController.m in Sources */ = {isa = PBXBuildFile; fileRef = 927B3B61193A86DB0075CC52 /* HMViewController.m */; };
/* End PBXBuildFile section */

/* Begin PBXContainerItemProxy section */
		927B3B3C193A84560075CC52 /* PBXContainerItemProxy */ = {
			isa = PBXContainerItemProxy;
			containerPortal = 927B3B0C193A84560075CC52 /* Project object */;
			proxyType = 1;
			remoteGlobalIDString = 927B3B13193A84560075CC52;
			remoteInfo = TabDocument;
		};
/* End PBXContainerItemProxy section */

/* Begin PBXCopyFilesBuildPhase section */
		927B3B50193A84BA0075CC52 /* CopyFiles */ = {
			isa = PBXCopyFilesBuildPhase;
			buildActionMask = 2147483647;
			dstPath = "";
			dstSubfolderSpec = 10;
			files = (
				927B3B51193A85030075CC52 /* MMTabBarView.framework in CopyFiles */,
			);
			runOnlyForDeploymentPostprocessing = 0;
		};
/* End PBXCopyFilesBuildPhase section */

/* Begin PBXFileReference section */
		927B3B14193A84560075CC52 /* TabDocument.app */ = {isa = PBXFileReference; explicitFileType = wrapper.application; includeInIndex = 0; path = TabDocument.app; sourceTree = BUILT_PRODUCTS_DIR; };
		927B3B17193A84560075CC52 /* Cocoa.framework */ = {isa = PBXFileReference; lastKnownFileType = wrapper.framework; name = Cocoa.framework; path = System/Library/Frameworks/Cocoa.framework; sourceTree = SDKROOT; };
		927B3B1A193A84560075CC52 /* AppKit.framework */ = {isa = PBXFileReference; lastKnownFileType = wrapper.framework; name = AppKit.framework; path = System/Library/Frameworks/AppKit.framework; sourceTree = SDKROOT; };
		927B3B1B193A84560075CC52 /* CoreData.framework */ = {isa = PBXFileReference; lastKnownFileType = wrapper.framework; name = CoreData.framework; path = System/Library/Frameworks/CoreData.framework; sourceTree = SDKROOT; };
		927B3B1C193A84560075CC52 /* Foundation.framework */ = {isa = PBXFileReference; lastKnownFileType = wrapper.framework; name = Foundation.framework; path = System/Library/Frameworks/Foundation.framework; sourceTree = SDKROOT; };
		927B3B1F193A84560075CC52 /* TabDocument-Info.plist */ = {isa = PBXFileReference; lastKnownFileType = text.plist.xml; path = "TabDocument-Info.plist"; sourceTree = "<group>"; };
		927B3B21193A84560075CC52 /* en */ = {isa = PBXFileReference; lastKnownFileType = text.plist.strings; name = en; path = en.lproj/InfoPlist.strings; sourceTree = "<group>"; };
		927B3B23193A84560075CC52 /* main.m */ = {isa = PBXFileReference; lastKnownFileType = sourcecode.c.objc; path = main.m; sourceTree = "<group>"; };
		927B3B25193A84560075CC52 /* TabDocument-Prefix.pch */ = {isa = PBXFileReference; lastKnownFileType = sourcecode.c.h; path = "TabDocument-Prefix.pch"; sourceTree = "<group>"; };
		927B3B27193A84560075CC52 /* en */ = {isa = PBXFileReference; lastKnownFileType = text.rtf; name = en; path = en.lproj/Credits.rtf; sourceTree = "<group>"; };
		927B3B29193A84560075CC52 /* HMDocument.h */ = {isa = PBXFileReference; lastKnownFileType = sourcecode.c.h; path = HMDocument.h; sourceTree = "<group>"; };
		927B3B2A193A84560075CC52 /* HMDocument.m */ = {isa = PBXFileReference; lastKnownFileType = sourcecode.c.objc; path = HMDocument.m; sourceTree = "<group>"; };
		927B3B32193A84560075CC52 /* Images.xcassets */ = {isa = PBXFileReference; lastKnownFileType = folder.assetcatalog; path = Images.xcassets; sourceTree = "<group>"; };
		927B3B38193A84560075CC52 /* TabDocumentTests.xctest */ = {isa = PBXFileReference; explicitFileType = wrapper.cfbundle; includeInIndex = 0; path = TabDocumentTests.xctest; sourceTree = BUILT_PRODUCTS_DIR; };
		927B3B39193A84560075CC52 /* XCTest.framework */ = {isa = PBXFileReference; lastKnownFileType = wrapper.framework; name = XCTest.framework; path = Library/Frameworks/XCTest.framework; sourceTree = DEVELOPER_DIR; };
		927B3B40193A84560075CC52 /* TabDocumentTests-Info.plist */ = {isa = PBXFileReference; lastKnownFileType = text.plist.xml; path = "TabDocumentTests-Info.plist"; sourceTree = "<group>"; };
		927B3B42193A84560075CC52 /* en */ = {isa = PBXFileReference; lastKnownFileType = text.plist.strings; name = en; path = en.lproj/InfoPlist.strings; sourceTree = "<group>"; };
		927B3B44193A84560075CC52 /* TabDocumentTests.m */ = {isa = PBXFileReference; lastKnownFileType = sourcecode.c.objc; path = TabDocumentTests.m; sourceTree = "<group>"; };
		927B3B4E193A84AA0075CC52 /* MMTabBarView.framework */ = {isa = PBXFileReference; lastKnownFileType = wrapper.framework; path = MMTabBarView.framework; sourceTree = "<group>"; };
		927B3B52193A86420075CC52 /* HMDocumentController.h */ = {isa = PBXFileReference; fileEncoding = 4; lastKnownFileType = sourcecode.c.h; path = HMDocumentController.h; sourceTree = "<group>"; };
		927B3B53193A86420075CC52 /* HMDocumentController.m */ = {isa = PBXFileReference; fileEncoding = 4; lastKnownFileType = sourcecode.c.objc; path = HMDocumentController.m; sourceTree = "<group>"; };
		927B3B56193A86810075CC52 /* Window.xib */ = {isa = PBXFileReference; fileEncoding = 4; lastKnownFileType = file.xib; path = Window.xib; sourceTree = "<group>"; };
		927B3B57193A86810075CC52 /* View.xib */ = {isa = PBXFileReference; fileEncoding = 4; lastKnownFileType = file.xib; path = View.xib; sourceTree = "<group>"; };
		927B3B5B193A86A30075CC52 /* MainMenu.xib */ = {isa = PBXFileReference; fileEncoding = 4; lastKnownFileType = file.xib; path = MainMenu.xib; sourceTree = "<group>"; };
		927B3B5D193A86B30075CC52 /* HMWindowController.h */ = {isa = PBXFileReference; fileEncoding = 4; lastKnownFileType = sourcecode.c.h; path = HMWindowController.h; sourceTree = "<group>"; };
		927B3B5E193A86B30075CC52 /* HMWindowController.m */ = {isa = PBXFileReference; fileEncoding = 4; lastKnownFileType = sourcecode.c.objc; path = HMWindowController.m; sourceTree = "<group>"; };
		927B3B60193A86DB0075CC52 /* HMViewController.h */ = {isa = PBXFileReference; fileEncoding = 4; lastKnownFileType = sourcecode.c.h; path = HMViewController.h; sourceTree = "<group>"; };
		927B3B61193A86DB0075CC52 /* HMViewController.m */ = {isa = PBXFileReference; fileEncoding = 4; lastKnownFileType = sourcecode.c.objc; path = HMViewController.m; sourceTree = "<group>"; };
/* End PBXFileReference section */

/* Begin PBXFrameworksBuildPhase section */
		927B3B11193A84560075CC52 /* Frameworks */ = {
			isa = PBXFrameworksBuildPhase;
			buildActionMask = 2147483647;
			files = (
				927B3B18193A84560075CC52 /* Cocoa.framework in Frameworks */,
				927B3B4F193A84AA0075CC52 /* MMTabBarView.framework in Frameworks */,
			);
			runOnlyForDeploymentPostprocessing = 0;
		};
		927B3B35193A84560075CC52 /* Frameworks */ = {
			isa = PBXFrameworksBuildPhase;
			buildActionMask = 2147483647;
			files = (
				927B3B3B193A84560075CC52 /* Cocoa.framework in Frameworks */,
				927B3B3A193A84560075CC52 /* XCTest.framework in Frameworks */,
			);
			runOnlyForDeploymentPostprocessing = 0;
		};
/* End PBXFrameworksBuildPhase section */

/* Begin PBXGroup section */
		927B3B0B193A84560075CC52 = {
			isa = PBXGroup;
			children = (
				927B3B1D193A84560075CC52 /* TabDocument */,
				927B3B3E193A84560075CC52 /* TabDocumentTests */,
				927B3B16193A84560075CC52 /* Frameworks */,
				927B3B15193A84560075CC52 /* Products */,
			);
			sourceTree = "<group>";
		};
		927B3B15193A84560075CC52 /* Products */ = {
			isa = PBXGroup;
			children = (
				927B3B14193A84560075CC52 /* TabDocument.app */,
				927B3B38193A84560075CC52 /* TabDocumentTests.xctest */,
			);
			name = Products;
			sourceTree = "<group>";
		};
		927B3B16193A84560075CC52 /* Frameworks */ = {
			isa = PBXGroup;
			children = (
				927B3B4E193A84AA0075CC52 /* MMTabBarView.framework */,
				927B3B17193A84560075CC52 /* Cocoa.framework */,
				927B3B39193A84560075CC52 /* XCTest.framework */,
				927B3B19193A84560075CC52 /* Other Frameworks */,
			);
			name = Frameworks;
			sourceTree = "<group>";
		};
		927B3B19193A84560075CC52 /* Other Frameworks */ = {
			isa = PBXGroup;
			children = (
				927B3B1A193A84560075CC52 /* AppKit.framework */,
				927B3B1B193A84560075CC52 /* CoreData.framework */,
				927B3B1C193A84560075CC52 /* Foundation.framework */,
			);
			name = "Other Frameworks";
			sourceTree = "<group>";
		};
		927B3B1D193A84560075CC52 /* TabDocument */ = {
			isa = PBXGroup;
			children = (
				927B3B52193A86420075CC52 /* HMDocumentController.h */,
				927B3B53193A86420075CC52 /* HMDocumentController.m */,
				927B3B29193A84560075CC52 /* HMDocument.h */,
				927B3B2A193A84560075CC52 /* HMDocument.m */,
				927B3B5D193A86B30075CC52 /* HMWindowController.h */,
				927B3B5E193A86B30075CC52 /* HMWindowController.m */,
				927B3B60193A86DB0075CC52 /* HMViewController.h */,
				927B3B61193A86DB0075CC52 /* HMViewController.m */,
				927B3B5B193A86A30075CC52 /* MainMenu.xib */,
				927B3B56193A86810075CC52 /* Window.xib */,
				927B3B57193A86810075CC52 /* View.xib */,
				927B3B32193A84560075CC52 /* Images.xcassets */,
				927B3B1E193A84560075CC52 /* Supporting Files */,
			);
			path = TabDocument;
			sourceTree = "<group>";
		};
		927B3B1E193A84560075CC52 /* Supporting Files */ = {
			isa = PBXGroup;
			children = (
				927B3B1F193A84560075CC52 /* TabDocument-Info.plist */,
				927B3B20193A84560075CC52 /* InfoPlist.strings */,
				927B3B23193A84560075CC52 /* main.m */,
				927B3B25193A84560075CC52 /* TabDocument-Prefix.pch */,
				927B3B26193A84560075CC52 /* Credits.rtf */,
			);
			name = "Supporting Files";
			sourceTree = "<group>";
		};
		927B3B3E193A84560075CC52 /* TabDocumentTests */ = {
			isa = PBXGroup;
			children = (
				927B3B44193A84560075CC52 /* TabDocumentTests.m */,
				927B3B3F193A84560075CC52 /* Supporting Files */,
			);
			path = TabDocumentTests;
			sourceTree = "<group>";
		};
		927B3B3F193A84560075CC52 /* Supporting Files */ = {
			isa = PBXGroup;
			children = (
				927B3B40193A84560075CC52 /* TabDocumentTests-Info.plist */,
				927B3B41193A84560075CC52 /* InfoPlist.strings */,
			);
			name = "Supporting Files";
			sourceTree = "<group>";
		};
/* End PBXGroup section */

/* Begin PBXNativeTarget section */
		927B3B13193A84560075CC52 /* TabDocument */ = {
			isa = PBXNativeTarget;
			buildConfigurationList = 927B3B48193A84560075CC52 /* Build configuration list for PBXNativeTarget "TabDocument" */;
			buildPhases = (
				927B3B10193A84560075CC52 /* Sources */,
				927B3B11193A84560075CC52 /* Frameworks */,
				927B3B12193A84560075CC52 /* Resources */,
				927B3B50193A84BA0075CC52 /* CopyFiles */,
			);
			buildRules = (
			);
			dependencies = (
			);
			name = TabDocument;
			productName = TabDocument;
			productReference = 927B3B14193A84560075CC52 /* TabDocument.app */;
			productType = "com.apple.product-type.application";
		};
		927B3B37193A84560075CC52 /* TabDocumentTests */ = {
			isa = PBXNativeTarget;
			buildConfigurationList = 927B3B4B193A84560075CC52 /* Build configuration list for PBXNativeTarget "TabDocumentTests" */;
			buildPhases = (
				927B3B34193A84560075CC52 /* Sources */,
				927B3B35193A84560075CC52 /* Frameworks */,
				927B3B36193A84560075CC52 /* Resources */,
			);
			buildRules = (
			);
			dependencies = (
				927B3B3D193A84560075CC52 /* PBXTargetDependency */,
			);
			name = TabDocumentTests;
			productName = TabDocumentTests;
			productReference = 927B3B38193A84560075CC52 /* TabDocumentTests.xctest */;
			productType = "com.apple.product-type.bundle.unit-test";
		};
/* End PBXNativeTarget section */

/* Begin PBXProject section */
		927B3B0C193A84560075CC52 /* Project object */ = {
			isa = PBXProject;
			attributes = {
				CLASSPREFIX = HM;
				LastUpgradeCheck = 0510;
				ORGANIZATIONNAME = "Scott Horn";
				TargetAttributes = {
					927B3B37193A84560075CC52 = {
						TestTargetID = 927B3B13193A84560075CC52;
					};
				};
			};
			buildConfigurationList = 927B3B0F193A84560075CC52 /* Build configuration list for PBXProject "TabDocument" */;
			compatibilityVersion = "Xcode 3.2";
			developmentRegion = English;
			hasScannedForEncodings = 0;
			knownRegions = (
				en,
				Base,
			);
			mainGroup = 927B3B0B193A84560075CC52;
			productRefGroup = 927B3B15193A84560075CC52 /* Products */;
			projectDirPath = "";
			projectRoot = "";
			targets = (
				927B3B13193A84560075CC52 /* TabDocument */,
				927B3B37193A84560075CC52 /* TabDocumentTests */,
			);
		};
/* End PBXProject section */

/* Begin PBXResourcesBuildPhase section */
		927B3B12193A84560075CC52 /* Resources */ = {
			isa = PBXResourcesBuildPhase;
			buildActionMask = 2147483647;
			files = (
				927B3B5A193A86810075CC52 /* View.xib in Resources */,
				927B3B22193A84560075CC52 /* InfoPlist.strings in Resources */,
				927B3B33193A84560075CC52 /* Images.xcassets in Resources */,
				927B3B28193A84560075CC52 /* Credits.rtf in Resources */,
				927B3B59193A86810075CC52 /* Window.xib in Resources */,
				927B3B5C193A86A30075CC52 /* MainMenu.xib in Resources */,
			);
			runOnlyForDeploymentPostprocessing = 0;
		};
		927B3B36193A84560075CC52 /* Resources */ = {
			isa = PBXResourcesBuildPhase;
			buildActionMask = 2147483647;
			files = (
				927B3B43193A84560075CC52 /* InfoPlist.strings in Resources */,
			);
			runOnlyForDeploymentPostprocessing = 0;
		};
/* End PBXResourcesBuildPhase section */

/* Begin PBXSourcesBuildPhase section */
		927B3B10193A84560075CC52 /* Sources */ = {
			isa = PBXSourcesBuildPhase;
			buildActionMask = 2147483647;
			files = (
				927B3B62193A86DB0075CC52 /* HMViewController.m in Sources */,
				927B3B5F193A86B30075CC52 /* HMWindowController.m in Sources */,
				927B3B54193A86420075CC52 /* HMDocumentController.m in Sources */,
				927B3B24193A84560075CC52 /* main.m in Sources */,
				927B3B2B193A84560075CC52 /* HMDocument.m in Sources */,
			);
			runOnlyForDeploymentPostprocessing = 0;
		};
		927B3B34193A84560075CC52 /* Sources */ = {
			isa = PBXSourcesBuildPhase;
			buildActionMask = 2147483647;
			files = (
				927B3B45193A84560075CC52 /* TabDocumentTests.m in Sources */,
			);
			runOnlyForDeploymentPostprocessing = 0;
		};
/* End PBXSourcesBuildPhase section */

/* Begin PBXTargetDependency section */
		927B3B3D193A84560075CC52 /* PBXTargetDependency */ = {
			isa = PBXTargetDependency;
			target = 927B3B13193A84560075CC52 /* TabDocument */;
			targetProxy = 927B3B3C193A84560075CC52 /* PBXContainerItemProxy */;
		};
/* End PBXTargetDependency section */

/* Begin PBXVariantGroup section */
		927B3B20193A84560075CC52 /* InfoPlist.strings */ = {
			isa = PBXVariantGroup;
			children = (
				927B3B21193A84560075CC52 /* en */,
			);
			name = InfoPlist.strings;
			sourceTree = "<group>";
		};
		927B3B26193A84560075CC52 /* Credits.rtf */ = {
			isa = PBXVariantGroup;
			children = (
				927B3B27193A84560075CC52 /* en */,
			);
			name = Credits.rtf;
			sourceTree = "<group>";
		};
		927B3B41193A84560075CC52 /* InfoPlist.strings */ = {
			isa = PBXVariantGroup;
			children = (
				927B3B42193A84560075CC52 /* en */,
			);
			name = InfoPlist.strings;
			sourceTree = "<group>";
		};
/* End PBXVariantGroup section */

/* Begin XCBuildConfiguration section */
		927B3B46193A84560075CC52 /* Debug */ = {
			isa = XCBuildConfiguration;
			buildSettings = {
				ALWAYS_SEARCH_USER_PATHS = NO;
				CLANG_CXX_LANGUAGE_STANDARD = "gnu++0x";
				CLANG_CXX_LIBRARY = "libc++";
				CLANG_ENABLE_MODULES = YES;
				CLANG_ENABLE_OBJC_ARC = YES;
				CLANG_WARN_BOOL_CONVERSION = YES;
				CLANG_WARN_CONSTANT_CONVERSION = YES;
				CLANG_WARN_DIRECT_OBJC_ISA_USAGE = YES_ERROR;
				CLANG_WARN_EMPTY_BODY = YES;
				CLANG_WARN_ENUM_CONVERSION = YES;
				CLANG_WARN_INT_CONVERSION = YES;
				CLANG_WARN_OBJC_ROOT_CLASS = YES_ERROR;
				CLANG_WARN__DUPLICATE_METHOD_MATCH = YES;
				COPY_PHASE_STRIP = NO;
				GCC_C_LANGUAGE_STANDARD = gnu99;
				GCC_DYNAMIC_NO_PIC = NO;
				GCC_ENABLE_OBJC_EXCEPTIONS = YES;
				GCC_OPTIMIZATION_LEVEL = 0;
				GCC_PREPROCESSOR_DEFINITIONS = (
					"DEBUG=1",
					"$(inherited)",
				);
				GCC_SYMBOLS_PRIVATE_EXTERN = NO;
				GCC_WARN_64_TO_32_BIT_CONVERSION = YES;
				GCC_WARN_ABOUT_RETURN_TYPE = YES_ERROR;
				GCC_WARN_UNDECLARED_SELECTOR = YES;
				GCC_WARN_UNINITIALIZED_AUTOS = YES_AGGRESSIVE;
				GCC_WARN_UNUSED_FUNCTION = YES;
				GCC_WARN_UNUSED_VARIABLE = YES;
				LD_RUNPATH_SEARCH_PATHS = "@loader_path/../Frameworks";
				MACOSX_DEPLOYMENT_TARGET = 10.9;
				ONLY_ACTIVE_ARCH = YES;
				SDKROOT = macosx;
			};
			name = Debug;
		};
		927B3B47193A84560075CC52 /* Release */ = {
			isa = XCBuildConfiguration;
			buildSettings = {
				ALWAYS_SEARCH_USER_PATHS = NO;
				CLANG_CXX_LANGUAGE_STANDARD = "gnu++0x";
				CLANG_CXX_LIBRARY = "libc++";
				CLANG_ENABLE_MODULES = YES;
				CLANG_ENABLE_OBJC_ARC = YES;
				CLANG_WARN_BOOL_CONVERSION = YES;
				CLANG_WARN_CONSTANT_CONVERSION = YES;
				CLANG_WARN_DIRECT_OBJC_ISA_USAGE = YES_ERROR;
				CLANG_WARN_EMPTY_BODY = YES;
				CLANG_WARN_ENUM_CONVERSION = YES;
				CLANG_WARN_INT_CONVERSION = YES;
				CLANG_WARN_OBJC_ROOT_CLASS = YES_ERROR;
				CLANG_WARN__DUPLICATE_METHOD_MATCH = YES;
				COPY_PHASE_STRIP = YES;
				DEBUG_INFORMATION_FORMAT = "dwarf-with-dsym";
				ENABLE_NS_ASSERTIONS = NO;
				GCC_C_LANGUAGE_STANDARD = gnu99;
				GCC_ENABLE_OBJC_EXCEPTIONS = YES;
				GCC_WARN_64_TO_32_BIT_CONVERSION = YES;
				GCC_WARN_ABOUT_RETURN_TYPE = YES_ERROR;
				GCC_WARN_UNDECLARED_SELECTOR = YES;
				GCC_WARN_UNINITIALIZED_AUTOS = YES_AGGRESSIVE;
				GCC_WARN_UNUSED_FUNCTION = YES;
				GCC_WARN_UNUSED_VARIABLE = YES;
				LD_RUNPATH_SEARCH_PATHS = "@loader_path/../Frameworks";
				MACOSX_DEPLOYMENT_TARGET = 10.9;
				SDKROOT = macosx;
			};
			name = Release;
		};
		927B3B49193A84560075CC52 /* Debug */ = {
			isa = XCBuildConfiguration;
			buildSettings = {
				ASSETCATALOG_COMPILER_APPICON_NAME = AppIcon;
				COMBINE_HIDPI_IMAGES = YES;
				FRAMEWORK_SEARCH_PATHS = (
					"$(inherited)",
					"$(PROJECT_DIR)",
				);
				GCC_PRECOMPILE_PREFIX_HEADER = YES;
				GCC_PREFIX_HEADER = "TabDocument/TabDocument-Prefix.pch";
				INFOPLIST_FILE = "TabDocument/TabDocument-Info.plist";
				PRODUCT_NAME = "$(TARGET_NAME)";
				WRAPPER_EXTENSION = app;
			};
			name = Debug;
		};
		927B3B4A193A84560075CC52 /* Release */ = {
			isa = XCBuildConfiguration;
			buildSettings = {
				ASSETCATALOG_COMPILER_APPICON_NAME = AppIcon;
				COMBINE_HIDPI_IMAGES = YES;
				FRAMEWORK_SEARCH_PATHS = (
					"$(inherited)",
					"$(PROJECT_DIR)",
				);
				GCC_PRECOMPILE_PREFIX_HEADER = YES;
				GCC_PREFIX_HEADER = "TabDocument/TabDocument-Prefix.pch";
				INFOPLIST_FILE = "TabDocument/TabDocument-Info.plist";
				PRODUCT_NAME = "$(TARGET_NAME)";
				WRAPPER_EXTENSION = app;
			};
			name = Release;
		};
		927B3B4C193A84560075CC52 /* Debug */ = {
			isa = XCBuildConfiguration;
			buildSettings = {
				BUNDLE_LOADER = "$(BUILT_PRODUCTS_DIR)/TabDocument.app/Contents/MacOS/TabDocument";
				COMBINE_HIDPI_IMAGES = YES;
				FRAMEWORK_SEARCH_PATHS = (
					"$(DEVELOPER_FRAMEWORKS_DIR)",
					"$(inherited)",
				);
				GCC_PRECOMPILE_PREFIX_HEADER = YES;
				GCC_PREFIX_HEADER = "TabDocument/TabDocument-Prefix.pch";
				GCC_PREPROCESSOR_DEFINITIONS = (
					"DEBUG=1",
					"$(inherited)",
				);
				INFOPLIST_FILE = "TabDocumentTests/TabDocumentTests-Info.plist";
				PRODUCT_NAME = "$(TARGET_NAME)";
				TEST_HOST = "$(BUNDLE_LOADER)";
				WRAPPER_EXTENSION = xctest;
			};
			name = Debug;
		};
		927B3B4D193A84560075CC52 /* Release */ = {
			isa = XCBuildConfiguration;
			buildSettings = {
				BUNDLE_LOADER = "$(BUILT_PRODUCTS_DIR)/TabDocument.app/Contents/MacOS/TabDocument";
				COMBINE_HIDPI_IMAGES = YES;
				FRAMEWORK_SEARCH_PATHS = (
					"$(DEVELOPER_FRAMEWORKS_DIR)",
					"$(inherited)",
				);
				GCC_PRECOMPILE_PREFIX_HEADER = YES;
				GCC_PREFIX_HEADER = "TabDocument/TabDocument-Prefix.pch";
				INFOPLIST_FILE = "TabDocumentTests/TabDocumentTests-Info.plist";
				PRODUCT_NAME = "$(TARGET_NAME)";
				TEST_HOST = "$(BUNDLE_LOADER)";
				WRAPPER_EXTENSION = xctest;
			};
			name = Release;
		};
/* End XCBuildConfiguration section */

/* Begin XCConfigurationList section */
		927B3B0F193A84560075CC52 /* Build configuration list for PBXProject "TabDocument" */ = {
			isa = XCConfigurationList;
			buildConfigurations = (
				927B3B46193A84560075CC52 /* Debug */,
				927B3B47193A84560075CC52 /* Release */,
			);
			defaultConfigurationIsVisible = 0;
			defaultConfigurationName = Release;
		};
		927B3B48193A84560075CC52 /* Build configuration list for PBXNativeTarget "TabDocument" */ = {
			isa = XCConfigurationList;
			buildConfigurations = (
				927B3B49193A84560075CC52 /* Debug */,
				927B3B4A193A84560075CC52 /* Release */,
			);
			defaultConfigurationIsVisible = 0;
		};
		927B3B4B193A84560075CC52 /* Build configuration list for PBXNativeTarget "TabDocumentTests" */ = {
			isa = XCConfigurationList;
			buildConfigurations = (
				927B3B4C193A84560075CC52 /* Debug */,
				927B3B4D193A84560075CC52 /* Release */,
			);
			defaultConfigurationIsVisible = 0;
		};
/* End XCConfigurationList section */
	};
	rootObject = 927B3B0C193A84560075CC52 /* Project object */;
}
